PODS:
  - Capacitor (5.5.0):
    - CapacitorCordova
  - CapacitorCordova (5.5.0)

DEPENDENCIES:
  - "Capacitor (from `../../node_modules/@capacitor/ios`)"
  - "CapacitorCordova (from `../../node_modules/@capacitor/ios`)"

EXTERNAL SOURCES:
  Capacitor:
    :path: "../../node_modules/@capacitor/ios"
  CapacitorCordova:
    :path: "../../node_modules/@capacitor/ios"

SPEC CHECKSUMS:
  Capacitor: 57890b363df14d5d2d5d8461aa23e886cb34da2a
  CapacitorCordova: 3d3908a3d208a11a75f9df3b18c4405c4de76e1d

PODFILE CHECKSUM: 8ab55909c5de2b217f9841e5e5b329f5ec901553

COCOAPODS: 1.11.2
